// !$*UTF8*$!
{
	archiveVersion = 1;
	classes = {
	};
	objectVersion = 50;
	objects = {

/* Begin PBXBuildFile section */
		D9B4B8BC26DE095400FF3306 /* AppDelegate.swift in Sources */ = {isa = PBXBuildFile; fileRef = D9B4B8BB26DE095400FF3306 /* AppDelegate.swift */; };
		D9B4B8BE26DE095400FF3306 /* SceneDelegate.swift in Sources */ = {isa = PBXBuildFile; fileRef = D9B4B8BD26DE095400FF3306 /* SceneDelegate.swift */; };
		D9B4B8C026DE095400FF3306 /* ViewController.swift in Sources */ = {isa = PBXBuildFile; fileRef = D9B4B8BF26DE095400FF3306 /* ViewController.swift */; };
		D9B4B8C326DE095400FF3306 /* Main.storyboard in Resources */ = {isa = PBXBuildFile; fileRef = D9B4B8C126DE095400FF3306 /* Main.storyboard */; };
		D9B4B8C526DE095600FF3306 /* Assets.xcassets in Resources */ = {isa = PBXBuildFile; fileRef = D9B4B8C426DE095600FF3306 /* Assets.xcassets */; };
		D9B4B8C826DE095600FF3306 /* LaunchScreen.storyboard in Resources */ = {isa = PBXBuildFile; fileRef = D9B4B8C626DE095600FF3306 /* LaunchScreen.storyboard */; };
		D9B4B8D326DE095600FF3306 /* FriendToDoTests.swift in Sources */ = {isa = PBXBuildFile; fileRef = D9B4B8D226DE095600FF3306 /* FriendToDoTests.swift */; };
		D9B4B8DE26DE095600FF3306 /* FriendToDoUITests.swift in Sources */ = {isa = PBXBuildFile; fileRef = D9B4B8DD26DE095600FF3306 /* FriendToDoUITests.swift */; };
		D9B4B8EC26DE485400FF3306 /* HomePage.swift in Sources */ = {isa = PBXBuildFile; fileRef = D9B4B8EB26DE485400FF3306 /* HomePage.swift */; };
		D9B4B8EE26DF6A7300FF3306 /* CustomFriendTableViewCell.swift in Sources */ = {isa = PBXBuildFile; fileRef = D9B4B8ED26DF6A7300FF3306 /* CustomFriendTableViewCell.swift */; };
		D9B4B8F026DF732800FF3306 /* DataReciver.swift in Sources */ = {isa = PBXBuildFile; fileRef = D9B4B8EF26DF732800FF3306 /* DataReciver.swift */; };
		D9B4B8F226DF734C00FF3306 /* Friend.swift in Sources */ = {isa = PBXBuildFile; fileRef = D9B4B8F126DF734C00FF3306 /* Friend.swift */; };
		D9B4B8F426DF7E3A00FF3306 /* GlobalUtility.swift in Sources */ = {isa = PBXBuildFile; fileRef = D9B4B8F326DF7E3A00FF3306 /* GlobalUtility.swift */; };
/* End PBXBuildFile section */

/* Begin PBXContainerItemProxy section */
		D9B4B8CF26DE095600FF3306 /* PBXContainerItemProxy */ = {
			isa = PBXContainerItemProxy;
			containerPortal = D9B4B8B026DE095400FF3306 /* Project object */;
			proxyType = 1;
			remoteGlobalIDString = D9B4B8B726DE095400FF3306;
			remoteInfo = FriendToDo;
		};
		D9B4B8DA26DE095600FF3306 /* PBXContainerItemProxy */ = {
			isa = PBXContainerItemProxy;
			containerPortal = D9B4B8B026DE095400FF3306 /* Project object */;
			proxyType = 1;
			remoteGlobalIDString = D9B4B8B726DE095400FF3306;
			remoteInfo = FriendToDo;
		};
/* End PBXContainerItemProxy section */

/* Begin PBXFileReference section */
		D9B4B8B826DE095400FF3306 /* FriendToDo.app */ = {isa = PBXFileReference; explicitFileType = wrapper.application; includeInIndex = 0; path = FriendToDo.app; sourceTree = BUILT_PRODUCTS_DIR; };
		D9B4B8BB26DE095400FF3306 /* AppDelegate.swift */ = {isa = PBXFileReference; lastKnownFileType = sourcecode.swift; path = AppDelegate.swift; sourceTree = "<group>"; };
		D9B4B8BD26DE095400FF3306 /* SceneDelegate.swift */ = {isa = PBXFileReference; lastKnownFileType = sourcecode.swift; path = SceneDelegate.swift; sourceTree = "<group>"; };
		D9B4B8BF26DE095400FF3306 /* ViewController.swift */ = {isa = PBXFileReference; lastKnownFileType = sourcecode.swift; path = ViewController.swift; sourceTree = "<group>"; };
		D9B4B8C226DE095400FF3306 /* Base */ = {isa = PBXFileReference; lastKnownFileType = file.storyboard; name = Base; path = Base.lproj/Main.storyboard; sourceTree = "<group>"; };
		D9B4B8C426DE095600FF3306 /* Assets.xcassets */ = {isa = PBXFileReference; lastKnownFileType = folder.assetcatalog; path = Assets.xcassets; sourceTree = "<group>"; };
		D9B4B8C726DE095600FF3306 /* Base */ = {isa = PBXFileReference; lastKnownFileType = file.storyboard; name = Base; path = Base.lproj/LaunchScreen.storyboard; sourceTree = "<group>"; };
		D9B4B8C926DE095600FF3306 /* Info.plist */ = {isa = PBXFileReference; lastKnownFileType = text.plist.xml; path = Info.plist; sourceTree = "<group>"; };
		D9B4B8CE26DE095600FF3306 /* FriendToDoTests.xctest */ = {isa = PBXFileReference; explicitFileType = wrapper.cfbundle; includeInIndex = 0; path = FriendToDoTests.xctest; sourceTree = BUILT_PRODUCTS_DIR; };
		D9B4B8D226DE095600FF3306 /* FriendToDoTests.swift */ = {isa = PBXFileReference; lastKnownFileType = sourcecode.swift; path = FriendToDoTests.swift; sourceTree = "<group>"; };
		D9B4B8D426DE095600FF3306 /* Info.plist */ = {isa = PBXFileReference; lastKnownFileType = text.plist.xml; path = Info.plist; sourceTree = "<group>"; };
		D9B4B8D926DE095600FF3306 /* FriendToDoUITests.xctest */ = {isa = PBXFileReference; explicitFileType = wrapper.cfbundle; includeInIndex = 0; path = FriendToDoUITests.xctest; sourceTree = BUILT_PRODUCTS_DIR; };
		D9B4B8DD26DE095600FF3306 /* FriendToDoUITests.swift */ = {isa = PBXFileReference; lastKnownFileType = sourcecode.swift; path = FriendToDoUITests.swift; sourceTree = "<group>"; };
		D9B4B8DF26DE095600FF3306 /* Info.plist */ = {isa = PBXFileReference; lastKnownFileType = text.plist.xml; path = Info.plist; sourceTree = "<group>"; };
		D9B4B8EB26DE485400FF3306 /* HomePage.swift */ = {isa = PBXFileReference; lastKnownFileType = sourcecode.swift; path = HomePage.swift; sourceTree = "<group>"; };
		D9B4B8ED26DF6A7300FF3306 /* CustomFriendTableViewCell.swift */ = {isa = PBXFileReference; lastKnownFileType = sourcecode.swift; path = CustomFriendTableViewCell.swift; sourceTree = "<group>"; };
		D9B4B8EF26DF732800FF3306 /* DataReciver.swift */ = {isa = PBXFileReference; lastKnownFileType = sourcecode.swift; path = DataReciver.swift; sourceTree = "<group>"; };
		D9B4B8F126DF734C00FF3306 /* Friend.swift */ = {isa = PBXFileReference; lastKnownFileType = sourcecode.swift; path = Friend.swift; sourceTree = "<group>"; };
		D9B4B8F326DF7E3A00FF3306 /* GlobalUtility.swift */ = {isa = PBXFileReference; lastKnownFileType = sourcecode.swift; path = GlobalUtility.swift; sourceTree = "<group>"; };
/* End PBXFileReference section */

/* Begin PBXFrameworksBuildPhase section */
		D9B4B8B526DE095400FF3306 /* Frameworks */ = {
			isa = PBXFrameworksBuildPhase;
			buildActionMask = 2147483647;
			files = (
			);
			runOnlyForDeploymentPostprocessing = 0;
		};
		D9B4B8CB26DE095600FF3306 /* Frameworks */ = {
			isa = PBXFrameworksBuildPhase;
			buildActionMask = 2147483647;
			files = (
			);
			runOnlyForDeploymentPostprocessing = 0;
		};
		D9B4B8D626DE095600FF3306 /* Frameworks */ = {
			isa = PBXFrameworksBuildPhase;
			buildActionMask = 2147483647;
			files = (
			);
			runOnlyForDeploymentPostprocessing = 0;
		};
/* End PBXFrameworksBuildPhase section */

/* Begin PBXGroup section */
		D9B4B8AF26DE095400FF3306 = {
			isa = PBXGroup;
			children = (
				D9B4B8BA26DE095400FF3306 /* FriendToDo */,
				D9B4B8D126DE095600FF3306 /* FriendToDoTests */,
				D9B4B8DC26DE095600FF3306 /* FriendToDoUITests */,
				D9B4B8B926DE095400FF3306 /* Products */,
			);
			sourceTree = "<group>";
		};
		D9B4B8B926DE095400FF3306 /* Products */ = {
			isa = PBXGroup;
			children = (
				D9B4B8B826DE095400FF3306 /* FriendToDo.app */,
				D9B4B8CE26DE095600FF3306 /* FriendToDoTests.xctest */,
				D9B4B8D926DE095600FF3306 /* FriendToDoUITests.xctest */,
			);
			name = Products;
			sourceTree = "<group>";
		};
		D9B4B8BA26DE095400FF3306 /* FriendToDo */ = {
			isa = PBXGroup;
			children = (
				D9B4B8BB26DE095400FF3306 /* AppDelegate.swift */,
				D9B4B8BD26DE095400FF3306 /* SceneDelegate.swift */,
				D9B4B8BF26DE095400FF3306 /* ViewController.swift */,
				D9B4B8EB26DE485400FF3306 /* HomePage.swift */,
				D9B4B8C126DE095400FF3306 /* Main.storyboard */,
				D9B4B8C426DE095600FF3306 /* Assets.xcassets */,
				D9B4B8C626DE095600FF3306 /* LaunchScreen.storyboard */,
				D9B4B8C926DE095600FF3306 /* Info.plist */,
				D9B4B8ED26DF6A7300FF3306 /* CustomFriendTableViewCell.swift */,
				D9B4B8EF26DF732800FF3306 /* DataReciver.swift */,
				D9B4B8F126DF734C00FF3306 /* Friend.swift */,
				D9B4B8F326DF7E3A00FF3306 /* GlobalUtility.swift */,
			);
			path = FriendToDo;
			sourceTree = "<group>";
		};
		D9B4B8D126DE095600FF3306 /* FriendToDoTests */ = {
			isa = PBXGroup;
			children = (
				D9B4B8D226DE095600FF3306 /* FriendToDoTests.swift */,
				D9B4B8D426DE095600FF3306 /* Info.plist */,
			);
			path = FriendToDoTests;
			sourceTree = "<group>";
		};
		D9B4B8DC26DE095600FF3306 /* FriendToDoUITests */ = {
			isa = PBXGroup;
			children = (
				D9B4B8DD26DE095600FF3306 /* FriendToDoUITests.swift */,
				D9B4B8DF26DE095600FF3306 /* Info.plist */,
			);
			path = FriendToDoUITests;
			sourceTree = "<group>";
		};
/* End PBXGroup section */

/* Begin PBXNativeTarget section */
		D9B4B8B726DE095400FF3306 /* FriendToDo */ = {
			isa = PBXNativeTarget;
			buildConfigurationList = D9B4B8E226DE095600FF3306 /* Build configuration list for PBXNativeTarget "FriendToDo" */;
			buildPhases = (
				D9B4B8B426DE095400FF3306 /* Sources */,
				D9B4B8B526DE095400FF3306 /* Frameworks */,
				D9B4B8B626DE095400FF3306 /* Resources */,
			);
			buildRules = (
			);
			dependencies = (
			);
			name = FriendToDo;
			productName = FriendToDo;
			productReference = D9B4B8B826DE095400FF3306 /* FriendToDo.app */;
			productType = "com.apple.product-type.application";
		};
		D9B4B8CD26DE095600FF3306 /* FriendToDoTests */ = {
			isa = PBXNativeTarget;
			buildConfigurationList = D9B4B8E526DE095600FF3306 /* Build configuration list for PBXNativeTarget "FriendToDoTests" */;
			buildPhases = (
				D9B4B8CA26DE095600FF3306 /* Sources */,
				D9B4B8CB26DE095600FF3306 /* Frameworks */,
				D9B4B8CC26DE095600FF3306 /* Resources */,
			);
			buildRules = (
			);
			dependencies = (
				D9B4B8D026DE095600FF3306 /* PBXTargetDependency */,
			);
			name = FriendToDoTests;
			productName = FriendToDoTests;
			productReference = D9B4B8CE26DE095600FF3306 /* FriendToDoTests.xctest */;
			productType = "com.apple.product-type.bundle.unit-test";
		};
		D9B4B8D826DE095600FF3306 /* FriendToDoUITests */ = {
			isa = PBXNativeTarget;
			buildConfigurationList = D9B4B8E826DE095600FF3306 /* Build configuration list for PBXNativeTarget "FriendToDoUITests" */;
			buildPhases = (
				D9B4B8D526DE095600FF3306 /* Sources */,
				D9B4B8D626DE095600FF3306 /* Frameworks */,
				D9B4B8D726DE095600FF3306 /* Resources */,
			);
			buildRules = (
			);
			dependencies = (
				D9B4B8DB26DE095600FF3306 /* PBXTargetDependency */,
			);
			name = FriendToDoUITests;
			productName = FriendToDoUITests;
			productReference = D9B4B8D926DE095600FF3306 /* FriendToDoUITests.xctest */;
			productType = "com.apple.product-type.bundle.ui-testing";
		};
/* End PBXNativeTarget section */

/* Begin PBXProject section */
		D9B4B8B026DE095400FF3306 /* Project object */ = {
			isa = PBXProject;
			attributes = {
				LastSwiftUpdateCheck = 1250;
				LastUpgradeCheck = 1250;
				TargetAttributes = {
					D9B4B8B726DE095400FF3306 = {
						CreatedOnToolsVersion = 12.5.1;
					};
					D9B4B8CD26DE095600FF3306 = {
						CreatedOnToolsVersion = 12.5.1;
						TestTargetID = D9B4B8B726DE095400FF3306;
					};
					D9B4B8D826DE095600FF3306 = {
						CreatedOnToolsVersion = 12.5.1;
						TestTargetID = D9B4B8B726DE095400FF3306;
					};
				};
			};
			buildConfigurationList = D9B4B8B326DE095400FF3306 /* Build configuration list for PBXProject "FriendToDo" */;
			compatibilityVersion = "Xcode 9.3";
			developmentRegion = en;
			hasScannedForEncodings = 0;
			knownRegions = (
				en,
				Base,
			);
			mainGroup = D9B4B8AF26DE095400FF3306;
			productRefGroup = D9B4B8B926DE095400FF3306 /* Products */;
			projectDirPath = "";
			projectRoot = "";
			targets = (
				D9B4B8B726DE095400FF3306 /* FriendToDo */,
				D9B4B8CD26DE095600FF3306 /* FriendToDoTests */,
				D9B4B8D826DE095600FF3306 /* FriendToDoUITests */,
			);
		};
/* End PBXProject section */

/* Begin PBXResourcesBuildPhase section */
		D9B4B8B626DE095400FF3306 /* Resources */ = {
			isa = PBXResourcesBuildPhase;
			buildActionMask = 2147483647;
			files = (
				D9B4B8C826DE095600FF3306 /* LaunchScreen.storyboard in Resources */,
				D9B4B8C526DE095600FF3306 /* Assets.xcassets in Resources */,
				D9B4B8C326DE095400FF3306 /* Main.storyboard in Resources */,
			);
			runOnlyForDeploymentPostprocessing = 0;
		};
		D9B4B8CC26DE095600FF3306 /* Resources */ = {
			isa = PBXResourcesBuildPhase;
			buildActionMask = 2147483647;
			files = (
			);
			runOnlyForDeploymentPostprocessing = 0;
		};
		D9B4B8D726DE095600FF3306 /* Resources */ = {
			isa = PBXResourcesBuildPhase;
			buildActionMask = 2147483647;
			files = (
			);
			runOnlyForDeploymentPostprocessing = 0;
		};
/* End PBXResourcesBuildPhase section */

/* Begin PBXSourcesBuildPhase section */
		D9B4B8B426DE095400FF3306 /* Sources */ = {
			isa = PBXSourcesBuildPhase;
			buildActionMask = 2147483647;
			files = (
				D9B4B8EE26DF6A7300FF3306 /* CustomFriendTableViewCell.swift in Sources */,
				D9B4B8F226DF734C00FF3306 /* Friend.swift in Sources */,
				D9B4B8C026DE095400FF3306 /* ViewController.swift in Sources */,
				D9B4B8F426DF7E3A00FF3306 /* GlobalUtility.swift in Sources */,
				D9B4B8F026DF732800FF3306 /* DataReciver.swift in Sources */,
				D9B4B8BC26DE095400FF3306 /* AppDelegate.swift in Sources */,
				D9B4B8BE26DE095400FF3306 /* SceneDelegate.swift in Sources */,
				D9B4B8EC26DE485400FF3306 /* HomePage.swift in Sources */,
			);
			runOnlyForDeploymentPostprocessing = 0;
		};
		D9B4B8CA26DE095600FF3306 /* Sources */ = {
			isa = PBXSourcesBuildPhase;
			buildActionMask = 2147483647;
			files = (
				D9B4B8D326DE095600FF3306 /* FriendToDoTests.swift in Sources */,
			);
			runOnlyForDeploymentPostprocessing = 0;
		};
		D9B4B8D526DE095600FF3306 /* Sources */ = {
			isa = PBXSourcesBuildPhase;
			buildActionMask = 2147483647;
			files = (
				D9B4B8DE26DE095600FF3306 /* FriendToDoUITests.swift in Sources */,
			);
			runOnlyForDeploymentPostprocessing = 0;
		};
/* End PBXSourcesBuildPhase section */

/* Begin PBXTargetDependency section */
		D9B4B8D026DE095600FF3306 /* PBXTargetDependency */ = {
			isa = PBXTargetDependency;
			target = D9B4B8B726DE095400FF3306 /* FriendToDo */;
			targetProxy = D9B4B8CF26DE095600FF3306 /* PBXContainerItemProxy */;
		};
		D9B4B8DB26DE095600FF3306 /* PBXTargetDependency */ = {
			isa = PBXTargetDependency;
			target = D9B4B8B726DE095400FF3306 /* FriendToDo */;
			targetProxy = D9B4B8DA26DE095600FF3306 /* PBXContainerItemProxy */;
		};
/* End PBXTargetDependency section */

/* Begin PBXVariantGroup section */
		D9B4B8C126DE095400FF3306 /* Main.storyboard */ = {
			isa = PBXVariantGroup;
			children = (
				D9B4B8C226DE095400FF3306 /* Base */,
			);
			name = Main.storyboard;
			sourceTree = "<group>";
		};
		D9B4B8C626DE095600FF3306 /* LaunchScreen.storyboard */ = {
			isa = PBXVariantGroup;
			children = (
				D9B4B8C726DE095600FF3306 /* Base */,
			);
			name = LaunchScreen.storyboard;
			sourceTree = "<group>";
		};
/* End PBXVariantGroup section */

/* Begin XCBuildConfiguration section */
		D9B4B8E026DE095600FF3306 /* Debug */ = {
			isa = XCBuildConfiguration;
			buildSettings = {
				ALWAYS_SEARCH_USER_PATHS = NO;
				CLANG_ANALYZER_NONNULL = YES;
				CLANG_ANALYZER_NUMBER_OBJECT_CONVERSION = YES_AGGRESSIVE;
				CLANG_CXX_LANGUAGE_STANDARD = "gnu++14";
				CLANG_CXX_LIBRARY = "libc++";
				CLANG_ENABLE_MODULES = YES;
				CLANG_ENABLE_OBJC_ARC = YES;
				CLANG_ENABLE_OBJC_WEAK = YES;
				CLANG_WARN_BLOCK_CAPTURE_AUTORELEASING = YES;
				CLANG_WARN_BOOL_CONVERSION = YES;
				CLANG_WARN_COMMA = YES;
				CLANG_WARN_CONSTANT_CONVERSION = YES;
				CLANG_WARN_DEPRECATED_OBJC_IMPLEMENTATIONS = YES;
				CLANG_WARN_DIRECT_OBJC_ISA_USAGE = YES_ERROR;
				CLANG_WARN_DOCUMENTATION_COMMENTS = YES;
				CLANG_WARN_EMPTY_BODY = YES;
				CLANG_WARN_ENUM_CONVERSION = YES;
				CLANG_WARN_INFINITE_RECURSION = YES;
				CLANG_WARN_INT_CONVERSION = YES;
				CLANG_WARN_NON_LITERAL_NULL_CONVERSION = YES;
				CLANG_WARN_OBJC_IMPLICIT_RETAIN_SELF = YES;
				CLANG_WARN_OBJC_LITERAL_CONVERSION = YES;
				CLANG_WARN_OBJC_ROOT_CLASS = YES_ERROR;
				CLANG_WARN_QUOTED_INCLUDE_IN_FRAMEWORK_HEADER = YES;
				CLANG_WARN_RANGE_LOOP_ANALYSIS = YES;
				CLANG_WARN_STRICT_PROTOTYPES = YES;
				CLANG_WARN_SUSPICIOUS_MOVE = YES;
				CLANG_WARN_UNGUARDED_AVAILABILITY = YES_AGGRESSIVE;
				CLANG_WARN_UNREACHABLE_CODE = YES;
				CLANG_WARN__DUPLICATE_METHOD_MATCH = YES;
				COPY_PHASE_STRIP = NO;
				DEBUG_INFORMATION_FORMAT = dwarf;
				ENABLE_STRICT_OBJC_MSGSEND = YES;
				ENABLE_TESTABILITY = YES;
				GCC_C_LANGUAGE_STANDARD = gnu11;
				GCC_DYNAMIC_NO_PIC = NO;
				GCC_NO_COMMON_BLOCKS = YES;
				GCC_OPTIMIZATION_LEVEL = 0;
				GCC_PREPROCESSOR_DEFINITIONS = (
					"DEBUG=1",
					"$(inherited)",
				);
				GCC_WARN_64_TO_32_BIT_CONVERSION = YES;
				GCC_WARN_ABOUT_RETURN_TYPE = YES_ERROR;
				GCC_WARN_UNDECLARED_SELECTOR = YES;
				GCC_WARN_UNINITIALIZED_AUTOS = YES_AGGRESSIVE;
				GCC_WARN_UNUSED_FUNCTION = YES;
				GCC_WARN_UNUSED_VARIABLE = YES;
				IPHONEOS_DEPLOYMENT_TARGET = 14.5;
				MTL_ENABLE_DEBUG_INFO = INCLUDE_SOURCE;
				MTL_FAST_MATH = YES;
				ONLY_ACTIVE_ARCH = YES;
				SDKROOT = iphoneos;
				SWIFT_ACTIVE_COMPILATION_CONDITIONS = DEBUG;
				SWIFT_OPTIMIZATION_LEVEL = "-Onone";
			};
			name = Debug;
		};
		D9B4B8E126DE095600FF3306 /* Release */ = {
			isa = XCBuildConfiguration;
			buildSettings = {
				ALWAYS_SEARCH_USER_PATHS = NO;
				CLANG_ANALYZER_NONNULL = YES;
				CLANG_ANALYZER_NUMBER_OBJECT_CONVERSION = YES_AGGRESSIVE;
				CLANG_CXX_LANGUAGE_STANDARD = "gnu++14";
				CLANG_CXX_LIBRARY = "libc++";
				CLANG_ENABLE_MODULES = YES;
				CLANG_ENABLE_OBJC_ARC = YES;
				CLANG_ENABLE_OBJC_WEAK = YES;
				CLANG_WARN_BLOCK_CAPTURE_AUTORELEASING = YES;
				CLANG_WARN_BOOL_CONVERSION = YES;
				CLANG_WARN_COMMA = YES;
				CLANG_WARN_CONSTANT_CONVERSION = YES;
				CLANG_WARN_DEPRECATED_OBJC_IMPLEMENTATIONS = YES;
				CLANG_WARN_DIRECT_OBJC_ISA_USAGE = YES_ERROR;
				CLANG_WARN_DOCUMENTATION_COMMENTS = YES;
				CLANG_WARN_EMPTY_BODY = YES;
				CLANG_WARN_ENUM_CONVERSION = YES;
				CLANG_WARN_INFINITE_RECURSION = YES;
				CLANG_WARN_INT_CONVERSION = YES;
				CLANG_WARN_NON_LITERAL_NULL_CONVERSION = YES;
				CLANG_WARN_OBJC_IMPLICIT_RETAIN_SELF = YES;
				CLANG_WARN_OBJC_LITERAL_CONVERSION = YES;
				CLANG_WARN_OBJC_ROOT_CLASS = YES_ERROR;
				CLANG_WARN_QUOTED_INCLUDE_IN_FRAMEWORK_HEADER = YES;
				CLANG_WARN_RANGE_LOOP_ANALYSIS = YES;
				CLANG_WARN_STRICT_PROTOTYPES = YES;
				CLANG_WARN_SUSPICIOUS_MOVE = YES;
				CLANG_WARN_UNGUARDED_AVAILABILITY = YES_AGGRESSIVE;
				CLANG_WARN_UNREACHABLE_CODE = YES;
				CLANG_WARN__DUPLICATE_METHOD_MATCH = YES;
				COPY_PHASE_STRIP = NO;
				DEBUG_INFORMATION_FORMAT = "dwarf-with-dsym";
				ENABLE_NS_ASSERTIONS = NO;
				ENABLE_STRICT_OBJC_MSGSEND = YES;
				GCC_C_LANGUAGE_STANDARD = gnu11;
				GCC_NO_COMMON_BLOCKS = YES;
				GCC_WARN_64_TO_32_BIT_CONVERSION = YES;
				GCC_WARN_ABOUT_RETURN_TYPE = YES_ERROR;
				GCC_WARN_UNDECLARED_SELECTOR = YES;
				GCC_WARN_UNINITIALIZED_AUTOS = YES_AGGRESSIVE;
				GCC_WARN_UNUSED_FUNCTION = YES;
				GCC_WARN_UNUSED_VARIABLE = YES;
				IPHONEOS_DEPLOYMENT_TARGET = 14.5;
				MTL_ENABLE_DEBUG_INFO = NO;
				MTL_FAST_MATH = YES;
				SDKROOT = iphoneos;
				SWIFT_COMPILATION_MODE = wholemodule;
				SWIFT_OPTIMIZATION_LEVEL = "-O";
				VALIDATE_PRODUCT = YES;
			};
			name = Release;
		};
		D9B4B8E326DE095600FF3306 /* Debug */ = {
			isa = XCBuildConfiguration;
			buildSettings = {
				ASSETCATALOG_COMPILER_APPICON_NAME = AppIcon;
				ASSETCATALOG_COMPILER_GLOBAL_ACCENT_COLOR_NAME = AccentColor;
				CODE_SIGN_STYLE = Automatic;
				INFOPLIST_FILE = FriendToDo/Info.plist;
				LD_RUNPATH_SEARCH_PATHS = (
					"$(inherited)",
					"@executable_path/Frameworks",
				);
				PRODUCT_BUNDLE_IDENTIFIER = it.diciodix.FriendToDo;
				PRODUCT_NAME = "$(TARGET_NAME)";
				SWIFT_VERSION = 5.0;
				TARGETED_DEVICE_FAMILY = 1;
			};
			name = Debug;
		};
		D9B4B8E426DE095600FF3306 /* Release */ = {
			isa = XCBuildConfiguration;
			buildSettings = {
				ASSETCATALOG_COMPILER_APPICON_NAME = AppIcon;
				ASSETCATALOG_COMPILER_GLOBAL_ACCENT_COLOR_NAME = AccentColor;
				CODE_SIGN_STYLE = Automatic;
				INFOPLIST_FILE = FriendToDo/Info.plist;
				LD_RUNPATH_SEARCH_PATHS = (
					"$(inherited)",
					"@executable_path/Frameworks",
				);
				PRODUCT_BUNDLE_IDENTIFIER = it.diciodix.FriendToDo;
				PRODUCT_NAME = "$(TARGET_NAME)";
				SWIFT_VERSION = 5.0;
				TARGETED_DEVICE_FAMILY = 1;
			};
			name = Release;
		};
		D9B4B8E626DE095600FF3306 /* Debug */ = {
			isa = XCBuildConfiguration;
			buildSettings = {
				ALWAYS_EMBED_SWIFT_STANDARD_LIBRARIES = YES;
				BUNDLE_LOADER = "$(TEST_HOST)";
				CODE_SIGN_STYLE = Automatic;
				INFOPLIST_FILE = FriendToDoTests/Info.plist;
				IPHONEOS_DEPLOYMENT_TARGET = 14.5;
				LD_RUNPATH_SEARCH_PATHS = (
					"$(inherited)",
					"@executable_path/Frameworks",
					"@loader_path/Frameworks",
				);
				PRODUCT_BUNDLE_IDENTIFIER = it.diciodix.FriendToDoTests;
				PRODUCT_NAME = "$(TARGET_NAME)";
				SWIFT_VERSION = 5.0;
				TARGETED_DEVICE_FAMILY = "1,2";
				TEST_HOST = "$(BUILT_PRODUCTS_DIR)/FriendToDo.app/FriendToDo";
			};
			name = Debug;
		};
		D9B4B8E726DE095600FF3306 /* Release */ = {
			isa = XCBuildConfiguration;
			buildSettings = {
				ALWAYS_EMBED_SWIFT_STANDARD_LIBRARIES = YES;
				BUNDLE_LOADER = "$(TEST_HOST)";
				CODE_SIGN_STYLE = Automatic;
				INFOPLIST_FILE = FriendToDoTests/Info.plist;
				IPHONEOS_DEPLOYMENT_TARGET = 14.5;
				LD_RUNPATH_SEARCH_PATHS = (
					"$(inherited)",
					"@executable_path/Frameworks",
					"@loader_path/Frameworks",
				);
				PRODUCT_BUNDLE_IDENTIFIER = it.diciodix.FriendToDoTests;
				PRODUCT_NAME = "$(TARGET_NAME)";
				SWIFT_VERSION = 5.0;
				TARGETED_DEVICE_FAMILY = "1,2";
				TEST_HOST = "$(BUILT_PRODUCTS_DIR)/FriendToDo.app/FriendToDo";
			};
			name = Release;
		};
		D9B4B8E926DE095600FF3306 /* Debug */ = {
			isa = XCBuildConfiguration;
			buildSettings = {
				ALWAYS_EMBED_SWIFT_STANDARD_LIBRARIES = YES;
				CODE_SIGN_STYLE = Automatic;
				INFOPLIST_FILE = FriendToDoUITests/Info.plist;
				LD_RUNPATH_SEARCH_PATHS = (
					"$(inherited)",
					"@executable_path/Frameworks",
					"@loader_path/Frameworks",
				);
				PRODUCT_BUNDLE_IDENTIFIER = it.diciodix.FriendToDoUITests;
				PRODUCT_NAME = "$(TARGET_NAME)";
				SWIFT_VERSION = 5.0;
				TARGETED_DEVICE_FAMILY = "1,2";
				TEST_TARGET_NAME = FriendToDo;
			};
			name = Debug;
		};
		D9B4B8EA26DE095600FF3306 /* Release */ = {
			isa = XCBuildConfiguration;
			buildSettings = {
				ALWAYS_EMBED_SWIFT_STANDARD_LIBRARIES = YES;
				CODE_SIGN_STYLE = Automatic;
				INFOPLIST_FILE = FriendToDoUITests/Info.plist;
				LD_RUNPATH_SEARCH_PATHS = (
					"$(inherited)",
					"@executable_path/Frameworks",
					"@loader_path/Frameworks",
				);
				PRODUCT_BUNDLE_IDENTIFIER = it.diciodix.FriendToDoUITests;
				PRODUCT_NAME = "$(TARGET_NAME)";
				SWIFT_VERSION = 5.0;
				TARGETED_DEVICE_FAMILY = "1,2";
				TEST_TARGET_NAME = FriendToDo;
			};
			name = Release;
		};
/* End XCBuildConfiguration section */

/* Begin XCConfigurationList section */
		D9B4B8B326DE095400FF3306 /* Build configuration list for PBXProject "FriendToDo" */ = {
			isa = XCConfigurationList;
			buildConfigurations = (
				D9B4B8E026DE095600FF3306 /* Debug */,
				D9B4B8E126DE095600FF3306 /* Release */,
			);
			defaultConfigurationIsVisible = 0;
			defaultConfigurationName = Release;
		};
		D9B4B8E226DE095600FF3306 /* Build configuration list for PBXNativeTarget "FriendToDo" */ = {
			isa = XCConfigurationList;
			buildConfigurations = (
				D9B4B8E326DE095600FF3306 /* Debug */,
				D9B4B8E426DE095600FF3306 /* Release */,
			);
			defaultConfigurationIsVisible = 0;
			defaultConfigurationName = Release;
		};
		D9B4B8E526DE095600FF3306 /* Build configuration list for PBXNativeTarget "FriendToDoTests" */ = {
			isa = XCConfigurationList;
			buildConfigurations = (
				D9B4B8E626DE095600FF3306 /* Debug */,
				D9B4B8E726DE095600FF3306 /* Release */,
			);
			defaultConfigurationIsVisible = 0;
			defaultConfigurationName = Release;
		};
		D9B4B8E826DE095600FF3306 /* Build configuration list for PBXNativeTarget "FriendToDoUITests" */ = {
			isa = XCConfigurationList;
			buildConfigurations = (
				D9B4B8E926DE095600FF3306 /* Debug */,
				D9B4B8EA26DE095600FF3306 /* Release */,
			);
			defaultConfigurationIsVisible = 0;
			defaultConfigurationName = Release;
		};
/* End XCConfigurationList section */
	};
	rootObject = D9B4B8B026DE095400FF3306 /* Project object */;
}
